
Microsoft Visual Studio Solution File, Format Version 12.00
# Visual Studio Version 17
VisualStudioVersion = 17.0.32126.317
MinimumVisualStudioVersion = 10.0.40219.1
Project("{FAE04EC0-301F-11D3-BF4B-00C04F79EFBC}") = "AiSD_lab10", "AiSD_lab10\AiSD_lab10.csproj", "{5390E960-1963-41B7-8E15-D1AA4E22D5ED}"
EndProject
Global
	GlobalSection(SolutionConfigurationPlatforms) = preSolution
		Debug|Any CPU = Debug|Any CPU
		Release|Any CPU = Release|Any CPU
	EndGlobalSection
	GlobalSection(ProjectConfigurationPlatforms) = postSolution
		{5390E960-1963-41B7-8E15-D1AA4E22D5ED}.Debug|Any CPU.ActiveCfg = Debug|Any CPU
		{5390E960-1963-41B7-8E15-D1AA4E22D5ED}.Debug|Any CPU.Build.0 = Debug|Any CPU
		{5390E960-1963-41B7-8E15-D1AA4E22D5ED}.Release|Any CPU.ActiveCfg = Release|Any CPU
		{5390E960-1963-41B7-8E15-D1AA4E22D5ED}.Release|Any CPU.Build.0 = Release|Any CPU
	EndGlobalSection
	GlobalSection(SolutionProperties) = preSolution
		HideSolutionNode = FALSE
	EndGlobalSection
	GlobalSection(ExtensibilityGlobals) = postSolution
		SolutionGuid = {6EB2BCA3-DE7C-4D2C-BFCA-1DCBF636B76D}
	EndGlobalSection
EndGlobal
