
Microsoft Visual Studio Solution File, Format Version 12.00
# Visual Studio Version 17
VisualStudioVersion = 17.0.32126.317
MinimumVisualStudioVersion = 10.0.40219.1
Project("{FAE04EC0-301F-11D3-BF4B-00C04F79EFBC}") = "AiSD_lab_12", "AiSD_lab_12\AiSD_lab_12.csproj", "{F92054BB-4A2B-4BEF-B2D6-D7D1583D6270}"
EndProject
Global
	GlobalSection(SolutionConfigurationPlatforms) = preSolution
		Debug|Any CPU = Debug|Any CPU
		Release|Any CPU = Release|Any CPU
	EndGlobalSection
	GlobalSection(ProjectConfigurationPlatforms) = postSolution
		{F92054BB-4A2B-4BEF-B2D6-D7D1583D6270}.Debug|Any CPU.ActiveCfg = Debug|Any CPU
		{F92054BB-4A2B-4BEF-B2D6-D7D1583D6270}.Debug|Any CPU.Build.0 = Debug|Any CPU
		{F92054BB-4A2B-4BEF-B2D6-D7D1583D6270}.Release|Any CPU.ActiveCfg = Release|Any CPU
		{F92054BB-4A2B-4BEF-B2D6-D7D1583D6270}.Release|Any CPU.Build.0 = Release|Any CPU
	EndGlobalSection
	GlobalSection(SolutionProperties) = preSolution
		HideSolutionNode = FALSE
	EndGlobalSection
	GlobalSection(ExtensibilityGlobals) = postSolution
		SolutionGuid = {2EC9FD30-1A1E-47D4-A473-7CBF368F8731}
	EndGlobalSection
EndGlobal
